
Microsoft Visual Studio Solution File, Format Version 12.00
# Visual Studio Version 16
VisualStudioVersion = 16.0.32901.82
MinimumVisualStudioVersion = 10.0.40219.1
Project("{FAE04EC0-301F-11D3-BF4B-00C04F79EFBC}") = "NutritionTracker", "NutritionTracker\NutritionTracker.csproj", "{45EFFC53-0922-4380-B313-5722A758DB14}"
EndProject
Global
	GlobalSection(SolutionConfigurationPlatforms) = preSolution
		Debug|Any CPU = Debug|Any CPU
		Release|Any CPU = Release|Any CPU
	EndGlobalSection
	GlobalSection(ProjectConfigurationPlatforms) = postSolution
		{45EFFC53-0922-4380-B313-5722A758DB14}.Debug|Any CPU.ActiveCfg = Debug|Any CPU
		{45EFFC53-0922-4380-B313-5722A758DB14}.Debug|Any CPU.Build.0 = Debug|Any CPU
		{45EFFC53-0922-4380-B313-5722A758DB14}.Release|Any CPU.ActiveCfg = Release|Any CPU
		{45EFFC53-0922-4380-B313-5722A758DB14}.Release|Any CPU.Build.0 = Release|Any CPU
	EndGlobalSection
	GlobalSection(SolutionProperties) = preSolution
		HideSolutionNode = FALSE
	EndGlobalSection
	GlobalSection(ExtensibilityGlobals) = postSolution
		SolutionGuid = {E9759A92-182A-400D-BA4A-29B2719E290D}
	EndGlobalSection
EndGlobal
